
Microsoft Visual Studio Solution File, Format Version 12.00
# Visual Studio Version 16
VisualStudioVersion = 16.0.32002.261
MinimumVisualStudioVersion = 10.0.40219.1
Project("{FAE04EC0-301F-11D3-BF4B-00C04F79EFBC}") = "MusicPlayer", "MusicPlayer.csproj", "{A2E26F9B-BCC5-4862-B312-0045F9129B0A}"
EndProject
Global
	GlobalSection(SolutionConfigurationPlatforms) = preSolution
		Debug|Any CPU = Debug|Any CPU
		Release|Any CPU = Release|Any CPU
	EndGlobalSection
	GlobalSection(ProjectConfigurationPlatforms) = postSolution
		{A2E26F9B-BCC5-4862-B312-0045F9129B0A}.Debug|Any CPU.ActiveCfg = Debug|Any CPU
		{A2E26F9B-BCC5-4862-B312-0045F9129B0A}.Debug|Any CPU.Build.0 = Debug|Any CPU
		{A2E26F9B-BCC5-4862-B312-0045F9129B0A}.Release|Any CPU.ActiveCfg = Release|Any CPU
		{A2E26F9B-BCC5-4862-B312-0045F9129B0A}.Release|Any CPU.Build.0 = Release|Any CPU
	EndGlobalSection
	GlobalSection(SolutionProperties) = preSolution
		HideSolutionNode = FALSE
	EndGlobalSection
	GlobalSection(ExtensibilityGlobals) = postSolution
		SolutionGuid = {374689DC-AF42-4F80-85D4-682BAC7E5C6A}
	EndGlobalSection
EndGlobal
